
Microsoft Visual Studio Solution File, Format Version 12.00
# Visual Studio 14
VisualStudioVersion = 14.0.25420.1
MinimumVisualStudioVersion = 10.0.40219.1
Project("{8BC9CEB8-8B4A-11D0-8D11-00A0C91BC942}") = "MFCEcp3.2", "MFCEcp3.2\MFCEcp3.2.vcxproj", "{26C9D3F8-C4FF-4445-98CA-9D51A21150CA}"
EndProject
Global
	GlobalSection(SolutionConfigurationPlatforms) = preSolution
		Debug|x64 = Debug|x64
		Debug|x86 = Debug|x86
		Release|x64 = Release|x64
		Release|x86 = Release|x86
	EndGlobalSection
	GlobalSection(ProjectConfigurationPlatforms) = postSolution
		{26C9D3F8-C4FF-4445-98CA-9D51A21150CA}.Debug|x64.ActiveCfg = Debug|x64
		{26C9D3F8-C4FF-4445-98CA-9D51A21150CA}.Debug|x64.Build.0 = Debug|x64
		{26C9D3F8-C4FF-4445-98CA-9D51A21150CA}.Debug|x86.ActiveCfg = Debug|Win32
		{26C9D3F8-C4FF-4445-98CA-9D51A21150CA}.Debug|x86.Build.0 = Debug|Win32
		{26C9D3F8-C4FF-4445-98CA-9D51A21150CA}.Release|x64.ActiveCfg = Release|x64
		{26C9D3F8-C4FF-4445-98CA-9D51A21150CA}.Release|x64.Build.0 = Release|x64
		{26C9D3F8-C4FF-4445-98CA-9D51A21150CA}.Release|x86.ActiveCfg = Release|Win32
		{26C9D3F8-C4FF-4445-98CA-9D51A21150CA}.Release|x86.Build.0 = Release|Win32
	EndGlobalSection
	GlobalSection(SolutionProperties) = preSolution
		HideSolutionNode = FALSE
	EndGlobalSection
EndGlobal
